{
  "nodes": {
    "flake-utils": {
      "inputs": {
        "systems": "systems"
      },
      "locked": {
        "lastModified": 1731533236,
        "narHash": "sha256-l0KFg5HjrsfsO/JpG+r7fRrqm12kzFHyUHqHCVpMMbI=",
        "owner": "numtide",
        "repo": "flake-utils",
        "rev": "11707dc2f618dd54ca8739b309ec4fc024de578b",
        "type": "github"
      },
      "original": {
        "owner": "numtide",
        "repo": "flake-utils",
        "type": "github"
      }
    },
    "home-manager-darwin": {
      "inputs": {
        "nixpkgs": [
          "nixpkgs-darwin"
        ]
      },
      "locked": {
        "lastModified": 1775425411,
        "narHash": "sha256-KY6HsebJHEe5nHOWP7ur09mb0drGxYSzE3rQxy62rJo=",
        "owner": "nix-community",
        "repo": "home-manager",
        "rev": "0d02ec1d0a05f88ef9e74b516842900c41f0f2fe",
        "type": "github"
      },
      "original": {
        "owner": "nix-community",
        "ref": "release-25.11",
        "repo": "home-manager",
        "type": "github"
      }
    },
    "home-manager-linux": {
      "inputs": {
        "nixpkgs": [
          "nixpkgs"
        ]
      },
      "locked": {
        "lastModified": 1775425411,
        "narHash": "sha256-KY6HsebJHEe5nHOWP7ur09mb0drGxYSzE3rQxy62rJo=",
        "owner": "nix-community",
        "repo": "home-manager",
        "rev": "0d02ec1d0a05f88ef9e74b516842900c41f0f2fe",
        "type": "github"
      },
      "original": {
        "owner": "nix-community",
        "ref": "release-25.11",
        "repo": "home-manager",
        "type": "github"
      }
    },
    "nix-index-database-darwin": {
      "inputs": {
        "nixpkgs": [
          "nixpkgs-darwin"
        ]
      },
      "locked": {
        "lastModified": 1777181277,
        "narHash": "sha256-yVJbd07ortDRAttDFmDV5p220aOLTHgVAx//0nW/xW8=",
        "owner": "nix-community",
        "repo": "nix-index-database",
        "rev": "b8eb7acee0f7604fe1bf6a5b3dcf5254369180fa",
        "type": "github"
      },
      "original": {
        "owner": "nix-community",
        "repo": "nix-index-database",
        "type": "github"
      }
    },
    "nix-index-database-linux": {
      "inputs": {
        "nixpkgs": [
          "nixpkgs"
        ]
      },
      "locked": {
        "lastModified": 1777181277,
        "narHash": "sha256-yVJbd07ortDRAttDFmDV5p220aOLTHgVAx//0nW/xW8=",
        "owner": "nix-community",
        "repo": "nix-index-database",
        "rev": "b8eb7acee0f7604fe1bf6a5b3dcf5254369180fa",
        "type": "github"
      },
      "original": {
        "owner": "nix-community",
        "repo": "nix-index-database",
        "type": "github"
      }
    },
    "nixpkgs": {
      "locked": {
        "lastModified": 1777077449,
        "narHash": "sha256-AIiMJiqvGrN4HyLEbKAoCSRRYn0rnlW5VbKNIMIYqm4=",
        "owner": "nixos",
        "repo": "nixpkgs",
        "rev": "a4bf06618f0b5ee50f14ed8f0da77d34ecc19160",
        "type": "github"
      },
      "original": {
        "owner": "nixos",
        "ref": "nixos-25.11",
        "repo": "nixpkgs",
        "type": "github"
      }
    },
    "nixpkgs-darwin": {
      "locked": {
        "lastModified": 1777014176,
        "narHash": "sha256-OzisFv/K6SRIKNOUsR+9Xij/HnS+UqXWhrheEHPJJ3E=",
        "owner": "nixos",
        "repo": "nixpkgs",
        "rev": "3f05c8657c7016fb8cfec9ca06dac066cdeddb91",
        "type": "github"
      },
      "original": {
        "owner": "nixos",
        "ref": "nixpkgs-25.11-darwin",
        "repo": "nixpkgs",
        "type": "github"
      }
    },
    "nixpkgs-unstable": {
      "locked": {
        "lastModified": 1777268161,
        "narHash": "sha256-bxrdOn8SCOv8tN4JbTF/TXq7kjo9ag4M+C8yzzIRYbE=",
        "owner": "nixos",
        "repo": "nixpkgs",
        "rev": "1c3fe55ad329cbcb28471bb30f05c9827f724c76",
        "type": "github"
      },
      "original": {
        "owner": "nixos",
        "ref": "nixos-unstable",
        "repo": "nixpkgs",
        "type": "github"
      }
    },
    "root": {
      "inputs": {
        "flake-utils": "flake-utils",
        "home-manager-darwin": "home-manager-darwin",
        "home-manager-linux": "home-manager-linux",
        "nix-index-database-darwin": "nix-index-database-darwin",
        "nix-index-database-linux": "nix-index-database-linux",
        "nixpkgs": "nixpkgs",
        "nixpkgs-darwin": "nixpkgs-darwin",
        "nixpkgs-unstable": "nixpkgs-unstable",
        "sops-nix-darwin": "sops-nix-darwin",
        "sops-nix-linux": "sops-nix-linux"
      }
    },
    "sops-nix-darwin": {
      "inputs": {
        "nixpkgs": [
          "nixpkgs-darwin"
        ]
      },
      "locked": {
        "lastModified": 1777338324,
        "narHash": "sha256-bc+ZZCmOTNq86/svGnw0tVpH7vJaLYvGLLKFYP08Q8E=",
        "owner": "Mic92",
        "repo": "sops-nix",
        "rev": "8eaee5c45428b28b8c47a83e4c09dccec5f279b5",
        "type": "github"
      },
      "original": {
        "owner": "Mic92",
        "repo": "sops-nix",
        "type": "github"
      }
    },
    "sops-nix-linux": {
      "inputs": {
        "nixpkgs": [
          "nixpkgs"
        ]
      },
      "locked": {
        "lastModified": 1777338324,
        "narHash": "sha256-bc+ZZCmOTNq86/svGnw0tVpH7vJaLYvGLLKFYP08Q8E=",
        "owner": "Mic92",
        "repo": "sops-nix",
        "rev": "8eaee5c45428b28b8c47a83e4c09dccec5f279b5",
        "type": "github"
      },
      "original": {
        "owner": "Mic92",
        "repo": "sops-nix",
        "type": "github"
      }
    },
    "systems": {
      "locked": {
        "lastModified": 1681028828,
        "narHash": "sha256-Vy1rq5AaRuLzOxct8nz4T6wlgyUR7zLU309k9mBC768=",
        "owner": "nix-systems",
        "repo": "default",
        "rev": "da67096a3b9bf56a91d16901293e51ba5b49a27e",
        "type": "github"
      },
      "original": {
        "owner": "nix-systems",
        "repo": "default",
        "type": "github"
      }
    }
  },
  "root": "root",
  "version": 7
}
